version = 1
revision = 3
requires-python = ">=3.13"

[[package]]
name = "dbus-fast"
version = "4.0.0"
source = { registry = "https://pypi.org/simple" }
sdist = { url = "https://files.pythonhosted.org/packages/3d/f7/36515d10e85ab6d6193edbabbcae974c25d6fbabb8ead84cfd2b4ee8eaf6/dbus_fast-4.0.0.tar.gz", hash = "sha256:e1d3ee49a4a81524d7caaa2d5a31fc71075a1c977b661df958cee24bef86b8fe", size = 75082, upload-time = "2026-02-01T20:56:27.85Z" }
wheels = [
    { url = "https://files.pythonhosted.org/packages/f1/31/d07583b15e4a702db8913b74adc6d9890b3d550eb62bda14802c05326b0f/dbus_fast-4.0.0-cp313-cp313-macosx_11_0_arm64.whl", hash = "sha256:d1b7274af1769359e8b02c546eb368f4cc43fce4ba4286ee97f357d395372492", size = 675489, upload-time = "2026-02-01T21:05:23.105Z" },
    { url = "https://files.pythonhosted.org/packages/ca/f6/1aaba04040b763c1baa3e395fb4e73b9b51a2213d356f924e5574e1d7d61/dbus_fast-4.0.0-cp313-cp313-manylinux2014_aarch64.manylinux_2_17_aarch64.manylinux_2_28_aarch64.whl", hash = "sha256:3b83681987b2986af050b728ecea5e230252c09db3c9593cead5b073f6391f41", size = 790986, upload-time = "2026-02-01T21:05:24.553Z" },
    { url = "https://files.pythonhosted.org/packages/43/c4/744ca46c1b9566907aa01affa2623970cd721f6a5c5f82d5eb852356914c/dbus_fast-4.0.0-cp313-cp313-manylinux2014_x86_64.manylinux_2_17_x86_64.manylinux_2_28_x86_64.whl", hash = "sha256:191c9053c9d54356f0c5c202e2fab9ad2508b27b8b224a184cf367591a2586cb", size = 840552, upload-time = "2026-02-01T21:05:26.408Z" },
    { url = "https://files.pythonhosted.org/packages/28/34/c40beb615adde9b00352f5ed3bad827a17d1a505c4d064cdf8dcb795d816/dbus_fast-4.0.0-cp313-cp313-musllinux_1_2_aarch64.whl", hash = "sha256:c34c748b71c6fc71e47ffe901ccfcd4a01e98d5fa80f98c732945da45d9fc614", size = 797107, upload-time = "2026-02-01T21:05:28.391Z" },
    { url = "https://files.pythonhosted.org/packages/58/5f/97c1f07b460577bf9a19016dca1351298c142cb3791fed49f050acea26e9/dbus_fast-4.0.0-cp313-cp313-musllinux_1_2_x86_64.whl", hash = "sha256:39ac2e639833320678c2c4e64931b28a3e10c57111c8c24967f1a16de69b92b0", size = 849752, upload-time = "2026-02-01T21:05:30.369Z" },
    { url = "https://files.pythonhosted.org/packages/f6/a3/e1d5d17c3adf74b678ce3fde9aa3556dcd9058a30a2e5e99142fefb88ad9/dbus_fast-4.0.0-cp314-cp314-macosx_11_0_arm64.whl", hash = "sha256:ddd92e5179ca5af5348ac34fb6a7c279d1485a715d560bcb8ff8443296fb1aff", size = 682906, upload-time = "2026-02-01T21:05:31.705Z" },
    { url = "https://files.pythonhosted.org/packages/f0/c5/5fee1e5d59b2856db9da8372c67ed7699b262108a4540d5858f34a67699f/dbus_fast-4.0.0-cp314-cp314-manylinux2014_aarch64.manylinux_2_17_aarch64.manylinux_2_28_aarch64.whl", hash = "sha256:9e53d7e19d2433f2ca1d811856e4b80a3b3126f361703e5caf6e7f086a03b994", size = 804142, upload-time = "2026-02-01T21:05:33.5Z" },
    { url = "https://files.pythonhosted.org/packages/37/3e/91a9339278ccee8be93df337c69703dd9d3f5b8fc97dadb2f8a3ff06f6c0/dbus_fast-4.0.0-cp314-cp314-manylinux2014_x86_64.manylinux_2_17_x86_64.manylinux_2_28_x86_64.whl", hash = "sha256:6b430760c925e0b695b6f1a3f21f6e57954807cab4704a3bc4bc5f311261016b", size = 846011, upload-time = "2026-02-01T21:05:34.875Z" },
    { url = "https://files.pythonhosted.org/packages/34/bf/bab415e523fc67a3b1d246a677dcac1198b5cf4d89ae594b2b25b71c02c7/dbus_fast-4.0.0-cp314-cp314-manylinux_2_41_x86_64.whl", hash = "sha256:2818d76da8291202779fe8cb23edc62488786eee791f332c2c40350552288d8b", size = 844116, upload-time = "2026-02-01T20:56:26.447Z" },
    { url = "https://files.pythonhosted.org/packages/d4/c8/5cc517508d102242656c06acb3980decd243e56470f9cb51dc736a9197ef/dbus_fast-4.0.0-cp314-cp314-musllinux_1_2_aarch64.whl", hash = "sha256:0b2aaf80991734e2bbff60b0f57b70322668acccb8bb15a0380ca80b8f8c5d72", size = 810621, upload-time = "2026-02-01T21:05:36.208Z" },
    { url = "https://files.pythonhosted.org/packages/47/84/686bd523c9966bbd9c0705984782fcb33d3a2aae75a2ebbb34b37aca1f3b/dbus_fast-4.0.0-cp314-cp314-musllinux_1_2_x86_64.whl", hash = "sha256:93a864c9e39ab03988c95e2cd9368a4b6560887d53a197037dfc73e7d966b690", size = 853111, upload-time = "2026-02-01T21:05:37.775Z" },
    { url = "https://files.pythonhosted.org/packages/81/46/4f59bce9198750d299b6b213387c1e4e9d7dcb6623c7f04454d117ebe264/dbus_fast-4.0.0-cp314-cp314t-macosx_11_0_arm64.whl", hash = "sha256:f36526cb043ab630ee458b58965fcf1e6d51d742f11df8ba2756cc280a21899d", size = 1341019, upload-time = "2026-02-01T21:05:39.685Z" },
    { url = "https://files.pythonhosted.org/packages/9e/2d/26a2a2120c32bf6a61b81a19d7d20cd440c79f1c4679b04af85af93bc0e4/dbus_fast-4.0.0-cp314-cp314t-manylinux2014_aarch64.manylinux_2_17_aarch64.manylinux_2_28_aarch64.whl", hash = "sha256:c71b369f8fd743c0d03e5fd566ff5d886cb5ad7f3d187f36185a372096a2a096", size = 1534384, upload-time = "2026-02-01T21:05:41.636Z" },
    { url = "https://files.pythonhosted.org/packages/d0/53/916c2bbb6601108f694b7c37c71c650ef8d06c2ed282a704b5c8cca67edf/dbus_fast-4.0.0-cp314-cp314t-manylinux2014_x86_64.manylinux_2_17_x86_64.manylinux_2_28_x86_64.whl", hash = "sha256:ffc16ee344e68a907a40327074bca736086897f2e783541086eedb5e6855f3f0", size = 1610347, upload-time = "2026-02-01T21:05:43.086Z" },
    { url = "https://files.pythonhosted.org/packages/ad/f6/05eeb374a02f63b0e29b1ee2073569e8cf42f655970a651f938bcdbe7eae/dbus_fast-4.0.0-cp314-cp314t-musllinux_1_2_aarch64.whl", hash = "sha256:1f8f4b0f8af730c39bbb83de1e299e706fbd7f7f3955764471213b013fa59516", size = 1549395, upload-time = "2026-02-01T21:05:45.159Z" },
    { url = "https://files.pythonhosted.org/packages/a4/87/d03a718e7bfdbbebaa4b6a66ba5bb069bc00a84e5ad176d8198cc785cd42/dbus_fast-4.0.0-cp314-cp314t-musllinux_1_2_x86_64.whl", hash = "sha256:f6af190d8306f1bd506740c39701f5c211aa31ac660a3fcb401ebb97d33166c7", size = 1627620, upload-time = "2026-02-01T21:05:46.878Z" },
]

[[package]]
name = "direct-share"
version = "0.0.1"
source = { virtual = "." }
dependencies = [
    { name = "dbus-fast" },
    { name = "pycairo" },
    { name = "pygobject" },
]

[package.dev-dependencies]
dev = [
    { name = "pygobject-stubs" },
]

[package.metadata]
requires-dist = [
    { name = "dbus-fast", specifier = ">=4.0.0" },
    { name = "pycairo", specifier = ">=1.29.0" },
    { name = "pygobject", specifier = ">=3.54.5" },
]

[package.metadata.requires-dev]
dev = [{ name = "pygobject-stubs", specifier = ">=2.16.0" }]

[[package]]
name = "pycairo"
version = "1.29.0"
source = { registry = "https://pypi.org/simple" }
sdist = { url = "https://files.pythonhosted.org/packages/22/d9/1728840a22a4ef8a8f479b9156aa2943cd98c3907accd3849fb0d5f82bfd/pycairo-1.29.0.tar.gz", hash = "sha256:f3f7fde97325cae80224c09f12564ef58d0d0f655da0e3b040f5807bd5bd3142", size = 665871, upload-time = "2025-11-11T19:13:01.584Z" }
wheels = [
    { url = "https://files.pythonhosted.org/packages/f0/21/3f477dc318dd4e84a5ae6301e67284199d7e5a2384f3063714041086b65d/pycairo-1.29.0-cp313-cp313-win32.whl", hash = "sha256:3eb382a4141591807073274522f7aecab9e8fa2f14feafd11ac03a13a58141d7", size = 750949, upload-time = "2025-11-11T19:12:12.198Z" },
    { url = "https://files.pythonhosted.org/packages/43/34/7d27a333c558d6ac16dbc12a35061d389735e99e494ee4effa4ec6d99bed/pycairo-1.29.0-cp313-cp313-win_amd64.whl", hash = "sha256:91114e4b3fbf4287c2b0788f83e1f566ce031bda49cf1c3c3c19c3e986e95c38", size = 844149, upload-time = "2025-11-11T19:12:19.171Z" },
    { url = "https://files.pythonhosted.org/packages/15/43/e782131e23df69e5c8e631a016ed84f94bbc4981bf6411079f57af730a23/pycairo-1.29.0-cp313-cp313-win_arm64.whl", hash = "sha256:09b7f69a5ff6881e151354ea092137b97b0b1f0b2ab4eb81c92a02cc4a08e335", size = 693595, upload-time = "2025-11-11T19:12:23.445Z" },
    { url = "https://files.pythonhosted.org/packages/2d/fa/87eaeeb9d53344c769839d7b2854db7ff2cd596211e00dd1b702eeb1838f/pycairo-1.29.0-cp314-cp314-win32.whl", hash = "sha256:69e2a7968a3fbb839736257bae153f547bca787113cc8d21e9e08ca4526e0b6b", size = 767198, upload-time = "2025-11-11T19:12:42.336Z" },
    { url = "https://files.pythonhosted.org/packages/3c/90/3564d0f64d0a00926ab863dc3c4a129b1065133128e96900772e1c4421f8/pycairo-1.29.0-cp314-cp314-win_amd64.whl", hash = "sha256:e91243437a21cc4c67c401eff4433eadc45745275fa3ade1a0d877e50ffb90da", size = 871579, upload-time = "2025-11-11T19:12:48.982Z" },
    { url = "https://files.pythonhosted.org/packages/5e/91/93632b6ba12ad69c61991e3208bde88486fdfc152be8cfdd13444e9bc650/pycairo-1.29.0-cp314-cp314-win_arm64.whl", hash = "sha256:b72200ea0e5f73ae4c788cd2028a750062221385eb0e6d8f1ecc714d0b4fdf82", size = 719537, upload-time = "2025-11-11T19:12:55.016Z" },
    { url = "https://files.pythonhosted.org/packages/93/23/37053c039f8d3b9b5017af9bc64d27b680c48a898d48b72e6d6583cf0155/pycairo-1.29.0-cp314-cp314t-win_amd64.whl", hash = "sha256:5e45fce6185f553e79e4ef1722b8e98e6cde9900dbc48cb2637a9ccba86f627a", size = 874015, upload-time = "2025-11-11T19:12:28.47Z" },
    { url = "https://files.pythonhosted.org/packages/d7/54/123f6239685f5f3f2edc123f1e38d2eefacebee18cf3c532d2f4bd51d0ef/pycairo-1.29.0-cp314-cp314t-win_arm64.whl", hash = "sha256:caba0837a4b40d47c8dfb0f24cccc12c7831e3dd450837f2a356c75f21ce5a15", size = 721404, upload-time = "2025-11-11T19:12:36.919Z" },
]

[[package]]
name = "pygobject"
version = "3.54.5"
source = { registry = "https://pypi.org/simple" }
dependencies = [
    { name = "pycairo" },
]
sdist = { url = "https://files.pythonhosted.org/packages/d3/a5/68f883df1d8442e3b267cb92105a4b2f0de819bd64ac9981c2d680d3f49f/pygobject-3.54.5.tar.gz", hash = "sha256:b6656f6348f5245606cf15ea48c384c7f05156c75ead206c1b246c80a22fb585", size = 1274658, upload-time = "2025-10-18T13:45:03.121Z" }

[[package]]
name = "pygobject-stubs"
version = "2.16.0"
source = { registry = "https://pypi.org/simple" }
dependencies = [
    { name = "typing-extensions" },
]
sdist = { url = "https://files.pythonhosted.org/packages/2d/1c/317ccaaa6a3ddce270652781cf09d3b1d5d343b1a1dabca304fe5c218474/pygobject_stubs-2.16.0.tar.gz", hash = "sha256:a97574616e92ef458605f9520d8d9db4c2a131affcd12fdd51db0b42395291e9", size = 934833, upload-time = "2025-12-08T20:33:33.876Z" }

[[package]]
name = "typing-extensions"
version = "4.15.0"
source = { registry = "https://pypi.org/simple" }
sdist = { url = "https://files.pythonhosted.org/packages/72/94/1a15dd82efb362ac84269196e94cf00f187f7ed21c242792a923cdb1c61f/typing_extensions-4.15.0.tar.gz", hash = "sha256:0cea48d173cc12fa28ecabc3b837ea3cf6f38c6d1136f85cbaaf598984861466", size = 109391, upload-time = "2025-08-25T13:49:26.313Z" }
wheels = [
    { url = "https://files.pythonhosted.org/packages/18/67/36e9267722cc04a6b9f15c7f3441c2363321a3ea07da7ae0c0707beb2a9c/typing_extensions-4.15.0-py3-none-any.whl", hash = "sha256:f0fa19c6845758ab08074a0cfa8b7aecb71c999ca73d62883bc25cc018c4e548", size = 44614, upload-time = "2025-08-25T13:49:24.86Z" },
]
